
Microsoft Visual Studio Solution File, Format Version 12.00
# Visual Studio Version 16
VisualStudioVersion = 16.0.31105.61
MinimumVisualStudioVersion = 10.0.40219.1
Project("{8BC9CEB8-8B4A-11D0-8D11-00A0C91BC942}") = "Rust External - Client", "Rust External - Client\Rust External - Client.vcxproj", "{1EA6BF6F-C2F1-44AA-B3B7-F3816DB34C3A}"
EndProject
Project("{8BC9CEB8-8B4A-11D0-8D11-00A0C91BC942}") = "Rust External - Driver", "Rust External - Driver\Rust External - Driver.vcxproj", "{0AD55F93-C65D-4BEE-928C-821276511209}"
EndProject
Global
	GlobalSection(SolutionConfigurationPlatforms) = preSolution
		Debug|ARM = Debug|ARM
		Debug|ARM64 = Debug|ARM64
		Debug|x64 = Debug|x64
		Debug|x86 = Debug|x86
		Release|ARM = Release|ARM
		Release|ARM64 = Release|ARM64
		Release|x64 = Release|x64
		Release|x86 = Release|x86
	EndGlobalSection
	GlobalSection(ProjectConfigurationPlatforms) = postSolution
		{1EA6BF6F-C2F1-44AA-B3B7-F3816DB34C3A}.Debug|ARM.ActiveCfg = Debug|Win32
		{1EA6BF6F-C2F1-44AA-B3B7-F3816DB34C3A}.Debug|ARM64.ActiveCfg = Debug|Win32
		{1EA6BF6F-C2F1-44AA-B3B7-F3816DB34C3A}.Debug|x64.ActiveCfg = Debug|x64
		{1EA6BF6F-C2F1-44AA-B3B7-F3816DB34C3A}.Debug|x64.Build.0 = Debug|x64
		{1EA6BF6F-C2F1-44AA-B3B7-F3816DB34C3A}.Debug|x86.ActiveCfg = Debug|Win32
		{1EA6BF6F-C2F1-44AA-B3B7-F3816DB34C3A}.Debug|x86.Build.0 = Debug|Win32
		{1EA6BF6F-C2F1-44AA-B3B7-F3816DB34C3A}.Release|ARM.ActiveCfg = Release|Win32
		{1EA6BF6F-C2F1-44AA-B3B7-F3816DB34C3A}.Release|ARM64.ActiveCfg = Release|Win32
		{1EA6BF6F-C2F1-44AA-B3B7-F3816DB34C3A}.Release|x64.ActiveCfg = Release|x64
		{1EA6BF6F-C2F1-44AA-B3B7-F3816DB34C3A}.Release|x64.Build.0 = Release|x64
		{1EA6BF6F-C2F1-44AA-B3B7-F3816DB34C3A}.Release|x86.ActiveCfg = Release|Win32
		{1EA6BF6F-C2F1-44AA-B3B7-F3816DB34C3A}.Release|x86.Build.0 = Release|Win32
		{0AD55F93-C65D-4BEE-928C-821276511209}.Debug|ARM.ActiveCfg = Debug|ARM
		{0AD55F93-C65D-4BEE-928C-821276511209}.Debug|ARM.Build.0 = Debug|ARM
		{0AD55F93-C65D-4BEE-928C-821276511209}.Debug|ARM64.ActiveCfg = Debug|ARM64
		{0AD55F93-C65D-4BEE-928C-821276511209}.Debug|ARM64.Build.0 = Debug|ARM64
		{0AD55F93-C65D-4BEE-928C-821276511209}.Debug|x64.ActiveCfg = Debug|x64
		{0AD55F93-C65D-4BEE-928C-821276511209}.Debug|x64.Build.0 = Debug|x64
		{0AD55F93-C65D-4BEE-928C-821276511209}.Debug|x86.ActiveCfg = Debug|Win32
		{0AD55F93-C65D-4BEE-928C-821276511209}.Debug|x86.Build.0 = Debug|Win32
		{0AD55F93-C65D-4BEE-928C-821276511209}.Release|ARM.ActiveCfg = Release|ARM
		{0AD55F93-C65D-4BEE-928C-821276511209}.Release|ARM.Build.0 = Release|ARM
		{0AD55F93-C65D-4BEE-928C-821276511209}.Release|ARM64.ActiveCfg = Release|ARM64
		{0AD55F93-C65D-4BEE-928C-821276511209}.Release|ARM64.Build.0 = Release|ARM64
		{0AD55F93-C65D-4BEE-928C-821276511209}.Release|x64.ActiveCfg = Release|x64
		{0AD55F93-C65D-4BEE-928C-821276511209}.Release|x64.Build.0 = Release|x64
		{0AD55F93-C65D-4BEE-928C-821276511209}.Release|x86.ActiveCfg = Release|Win32
		{0AD55F93-C65D-4BEE-928C-821276511209}.Release|x86.Build.0 = Release|Win32
	EndGlobalSection
	GlobalSection(SolutionProperties) = preSolution
		HideSolutionNode = FALSE
	EndGlobalSection
	GlobalSection(ExtensibilityGlobals) = postSolution
		SolutionGuid = {5A0C6015-1400-4B93-9797-E661A8A48D25}
	EndGlobalSection
EndGlobal
